// !$*UTF8*$!
{
	archiveVersion = 1;
	classes = {
	};
	objectVersion = 51;
	objects = {

/* Begin PBXBuildFile section */
		04044691257869920029F738 /* CommentVC.swift in Sources */ = {isa = PBXBuildFile; fileRef = 04044690257869920029F738 /* CommentVC.swift */; };
		0404469325786C250029F738 /* CommentCell.swift in Sources */ = {isa = PBXBuildFile; fileRef = 0404469225786C240029F738 /* CommentCell.swift */; };
		040446952579872C0029F738 /* Comment.swift in Sources */ = {isa = PBXBuildFile; fileRef = 040446942579872C0029F738 /* Comment.swift */; };
		04044697257A9A450029F738 /* NotificationCell.swift in Sources */ = {isa = PBXBuildFile; fileRef = 04044696257A9A450029F738 /* NotificationCell.swift */; };
		04044699257DA1B20029F738 /* AppNotif.swift in Sources */ = {isa = PBXBuildFile; fileRef = 04044698257DA1B10029F738 /* AppNotif.swift */; };
		0433327F25378C6D00C26BB6 /* Protocols.swift in Sources */ = {isa = PBXBuildFile; fileRef = 0433327E25378C6C00C26BB6 /* Protocols.swift */; };
		04333281253B499900C26BB6 /* FollowLikeVC.swift in Sources */ = {isa = PBXBuildFile; fileRef = 04333280253B499900C26BB6 /* FollowLikeVC.swift */; };
		04333283253B4AB900C26BB6 /* FollowLikeCell.swift in Sources */ = {isa = PBXBuildFile; fileRef = 04333282253B4AB800C26BB6 /* FollowLikeCell.swift */; };
		043332852540FCA700C26BB6 /* SelectImageVC.swift in Sources */ = {isa = PBXBuildFile; fileRef = 043332842540FCA700C26BB6 /* SelectImageVC.swift */; };
		043332872540FDC100C26BB6 /* SelectPhotoCell.swift in Sources */ = {isa = PBXBuildFile; fileRef = 043332862540FDC100C26BB6 /* SelectPhotoCell.swift */; };
		043332892540FE2D00C26BB6 /* SelectPhotoHeader.swift in Sources */ = {isa = PBXBuildFile; fileRef = 043332882540FE2D00C26BB6 /* SelectPhotoHeader.swift */; };
		0433328B254488E100C26BB6 /* Post.swift in Sources */ = {isa = PBXBuildFile; fileRef = 0433328A254488E100C26BB6 /* Post.swift */; };
		0433328D2544A9C700C26BB6 /* UserPostCell.swift in Sources */ = {isa = PBXBuildFile; fileRef = 0433328C2544A9C700C26BB6 /* UserPostCell.swift */; };
		04333291254727DB00C26BB6 /* FeedCell.swift in Sources */ = {isa = PBXBuildFile; fileRef = 04333290254727DA00C26BB6 /* FeedCell.swift */; };
		043D3667259802290094CE4F /* EditProfileController.swift in Sources */ = {isa = PBXBuildFile; fileRef = 043D3666259802290094CE4F /* EditProfileController.swift */; };
		043D366A2599927A0094CE4F /* CommentInputAccessoryView.swift in Sources */ = {isa = PBXBuildFile; fileRef = 043D36692599927A0094CE4F /* CommentInputAccessoryView.swift */; };
		043D366C259992A90094CE4F /* CommentInputTextView.swift in Sources */ = {isa = PBXBuildFile; fileRef = 043D366B259992A90094CE4F /* CommentInputTextView.swift */; };
		043D366F259A3FAF0094CE4F /* ChatInputAccessoryView.swift in Sources */ = {isa = PBXBuildFile; fileRef = 043D366E259A3FAF0094CE4F /* ChatInputAccessoryView.swift */; };
		043D3671259A3FE20094CE4F /* ChatInputTextView.swift in Sources */ = {isa = PBXBuildFile; fileRef = 043D3670259A3FE20094CE4F /* ChatInputTextView.swift */; };
		0455D81625BE4E5E009DFD56 /* SearchProfileCell.swift in Sources */ = {isa = PBXBuildFile; fileRef = 0455D81525BE4E5D009DFD56 /* SearchProfileCell.swift */; };
		045C64AD250844DC002E8E1C /* AppDelegate.swift in Sources */ = {isa = PBXBuildFile; fileRef = 045C64AC250844DC002E8E1C /* AppDelegate.swift */; };
		045C64AF250844DC002E8E1C /* SceneDelegate.swift in Sources */ = {isa = PBXBuildFile; fileRef = 045C64AE250844DC002E8E1C /* SceneDelegate.swift */; };
		045C64B4250844DC002E8E1C /* Main.storyboard in Resources */ = {isa = PBXBuildFile; fileRef = 045C64B2250844DC002E8E1C /* Main.storyboard */; };
		045C64B6250844EF002E8E1C /* Assets.xcassets in Resources */ = {isa = PBXBuildFile; fileRef = 045C64B5250844EF002E8E1C /* Assets.xcassets */; };
		045C64B9250844EF002E8E1C /* LaunchScreen.storyboard in Resources */ = {isa = PBXBuildFile; fileRef = 045C64B7250844EF002E8E1C /* LaunchScreen.storyboard */; };
		045C64C425084D2C002E8E1C /* LoginVC.swift in Sources */ = {isa = PBXBuildFile; fileRef = 045C64C325084D2C002E8E1C /* LoginVC.swift */; };
		045C64C7250857AD002E8E1C /* Extensions.swift in Sources */ = {isa = PBXBuildFile; fileRef = 045C64C6250857AD002E8E1C /* Extensions.swift */; };
		045C64C92509C25C002E8E1C /* SignUpVC.swift in Sources */ = {isa = PBXBuildFile; fileRef = 045C64C82509C25C002E8E1C /* SignUpVC.swift */; };
		045C64CB250ABDFF002E8E1C /* GoogleService-Info.plist in Resources */ = {isa = PBXBuildFile; fileRef = 045C64CA250ABDFF002E8E1C /* GoogleService-Info.plist */; };
		045C64CD250E9C6F002E8E1C /* MainTabVC.swift in Sources */ = {isa = PBXBuildFile; fileRef = 045C64CC250E9C6F002E8E1C /* MainTabVC.swift */; };
		045C64CF250FCED4002E8E1C /* FeedVC.swift in Sources */ = {isa = PBXBuildFile; fileRef = 045C64CE250FCED4002E8E1C /* FeedVC.swift */; };
		045C64D1250FCEEE002E8E1C /* SearchVC.swift in Sources */ = {isa = PBXBuildFile; fileRef = 045C64D0250FCEEE002E8E1C /* SearchVC.swift */; };
		045C64D3250FCF11002E8E1C /* UploadPostVC.swift in Sources */ = {isa = PBXBuildFile; fileRef = 045C64D2250FCF10002E8E1C /* UploadPostVC.swift */; };
		045C64D5250FCF35002E8E1C /* NotificationsVC.swift in Sources */ = {isa = PBXBuildFile; fileRef = 045C64D4250FCF35002E8E1C /* NotificationsVC.swift */; };
		045C64D7250FCF60002E8E1C /* UserProfileVC.swift in Sources */ = {isa = PBXBuildFile; fileRef = 045C64D6250FCF60002E8E1C /* UserProfileVC.swift */; };
		045C64DE25150AED002E8E1C /* Constants.swift in Sources */ = {isa = PBXBuildFile; fileRef = 045C64DD25150AED002E8E1C /* Constants.swift */; };
		045C64E02518FD92002E8E1C /* UserProfileHeader.swift in Sources */ = {isa = PBXBuildFile; fileRef = 045C64DF2518FD92002E8E1C /* UserProfileHeader.swift */; };
		045C64E2251C2D99002E8E1C /* User.swift in Sources */ = {isa = PBXBuildFile; fileRef = 045C64E1251C2D99002E8E1C /* User.swift */; };
		045C64E42522BA09002E8E1C /* SearchUserCell.swift in Sources */ = {isa = PBXBuildFile; fileRef = 045C64E32522BA09002E8E1C /* SearchUserCell.swift */; };
		04FA75632580325E00814F9E /* SearchPostCell.swift in Sources */ = {isa = PBXBuildFile; fileRef = 04FA75622580325E00814F9E /* SearchPostCell.swift */; };
		04FA756625813C2D00814F9E /* MessagesController.swift in Sources */ = {isa = PBXBuildFile; fileRef = 04FA756525813C2D00814F9E /* MessagesController.swift */; };
		04FA75692581430200814F9E /* MessageCell.swift in Sources */ = {isa = PBXBuildFile; fileRef = 04FA75682581430100814F9E /* MessageCell.swift */; };
		04FA756B2581600200814F9E /* NewMessageController.swift in Sources */ = {isa = PBXBuildFile; fileRef = 04FA756A2581600200814F9E /* NewMessageController.swift */; };
		04FA756D2581610B00814F9E /* NewMessageCell.swift in Sources */ = {isa = PBXBuildFile; fileRef = 04FA756C2581610B00814F9E /* NewMessageCell.swift */; };
		04FA756F258295D700814F9E /* Message.swift in Sources */ = {isa = PBXBuildFile; fileRef = 04FA756E258295D700814F9E /* Message.swift */; };
		04FA75712583BB5100814F9E /* ChatController.swift in Sources */ = {isa = PBXBuildFile; fileRef = 04FA75702583BB5100814F9E /* ChatController.swift */; };
		04FA75732583BC4500814F9E /* ChatCell.swift in Sources */ = {isa = PBXBuildFile; fileRef = 04FA75722583BC4500814F9E /* ChatCell.swift */; };
		456BB6A125C4835E0053F034 /* UIViewController+Current.swift in Sources */ = {isa = PBXBuildFile; fileRef = 456BB6A025C4835E0053F034 /* UIViewController+Current.swift */; };
		456BB7EF25C865F60053F034 /* MessagesUtils.swift in Sources */ = {isa = PBXBuildFile; fileRef = 456BB7EE25C865F60053F034 /* MessagesUtils.swift */; };
		45A6E18C25E11BC600D79385 /* BaseVC.swift in Sources */ = {isa = PBXBuildFile; fileRef = 45A6E18B25E11BC600D79385 /* BaseVC.swift */; };
		45A6E19425E11CAB00D79385 /* RootVC.swift in Sources */ = {isa = PBXBuildFile; fileRef = 45A6E19325E11CAB00D79385 /* RootVC.swift */; };
		45EFDD3425C1BAB100E3EBED /* ProgressHUD.swift in Sources */ = {isa = PBXBuildFile; fileRef = 45EFDD3325C1BAB100E3EBED /* ProgressHUD.swift */; };
		BA0773F21F4B5CAFE2F8337D /* Pods_LogInProgrammatic.framework in Frameworks */ = {isa = PBXBuildFile; fileRef = D32F3875C211942A1EA86C98 /* Pods_LogInProgrammatic.framework */; };
/* End PBXBuildFile section */

/* Begin PBXFileReference section */
		04044690257869920029F738 /* CommentVC.swift */ = {isa = PBXFileReference; lastKnownFileType = sourcecode.swift; path = CommentVC.swift; sourceTree = "<group>"; };
		0404469225786C240029F738 /* CommentCell.swift */ = {isa = PBXFileReference; lastKnownFileType = sourcecode.swift; path = CommentCell.swift; sourceTree = "<group>"; };
		040446942579872C0029F738 /* Comment.swift */ = {isa = PBXFileReference; lastKnownFileType = sourcecode.swift; path = Comment.swift; sourceTree = "<group>"; };
		04044696257A9A450029F738 /* NotificationCell.swift */ = {isa = PBXFileReference; lastKnownFileType = sourcecode.swift; path = NotificationCell.swift; sourceTree = "<group>"; };
		04044698257DA1B10029F738 /* AppNotif.swift */ = {isa = PBXFileReference; lastKnownFileType = sourcecode.swift; path = AppNotif.swift; sourceTree = "<group>"; };
		0433327E25378C6C00C26BB6 /* Protocols.swift */ = {isa = PBXFileReference; lastKnownFileType = sourcecode.swift; path = Protocols.swift; sourceTree = "<group>"; };
		04333280253B499900C26BB6 /* FollowLikeVC.swift */ = {isa = PBXFileReference; lastKnownFileType = sourcecode.swift; path = FollowLikeVC.swift; sourceTree = "<group>"; };
		04333282253B4AB800C26BB6 /* FollowLikeCell.swift */ = {isa = PBXFileReference; lastKnownFileType = sourcecode.swift; path = FollowLikeCell.swift; sourceTree = "<group>"; };
		043332842540FCA700C26BB6 /* SelectImageVC.swift */ = {isa = PBXFileReference; lastKnownFileType = sourcecode.swift; path = SelectImageVC.swift; sourceTree = "<group>"; };
		043332862540FDC100C26BB6 /* SelectPhotoCell.swift */ = {isa = PBXFileReference; lastKnownFileType = sourcecode.swift; path = SelectPhotoCell.swift; sourceTree = "<group>"; };
		043332882540FE2D00C26BB6 /* SelectPhotoHeader.swift */ = {isa = PBXFileReference; lastKnownFileType = sourcecode.swift; path = SelectPhotoHeader.swift; sourceTree = "<group>"; };
		0433328A254488E100C26BB6 /* Post.swift */ = {isa = PBXFileReference; lastKnownFileType = sourcecode.swift; path = Post.swift; sourceTree = "<group>"; };
		0433328C2544A9C700C26BB6 /* UserPostCell.swift */ = {isa = PBXFileReference; lastKnownFileType = sourcecode.swift; path = UserPostCell.swift; sourceTree = "<group>"; };
		04333290254727DA00C26BB6 /* FeedCell.swift */ = {isa = PBXFileReference; lastKnownFileType = sourcecode.swift; path = FeedCell.swift; sourceTree = "<group>"; };
		043D3666259802290094CE4F /* EditProfileController.swift */ = {isa = PBXFileReference; lastKnownFileType = sourcecode.swift; path = EditProfileController.swift; sourceTree = "<group>"; };
		043D36692599927A0094CE4F /* CommentInputAccessoryView.swift */ = {isa = PBXFileReference; lastKnownFileType = sourcecode.swift; path = CommentInputAccessoryView.swift; sourceTree = "<group>"; };
		043D366B259992A90094CE4F /* CommentInputTextView.swift */ = {isa = PBXFileReference; lastKnownFileType = sourcecode.swift; path = CommentInputTextView.swift; sourceTree = "<group>"; };
		043D366E259A3FAF0094CE4F /* ChatInputAccessoryView.swift */ = {isa = PBXFileReference; lastKnownFileType = sourcecode.swift; path = ChatInputAccessoryView.swift; sourceTree = "<group>"; };
		043D3670259A3FE20094CE4F /* ChatInputTextView.swift */ = {isa = PBXFileReference; lastKnownFileType = sourcecode.swift; path = ChatInputTextView.swift; sourceTree = "<group>"; };
		043D3672259EA7590094CE4F /* LogInProgrammatic.entitlements */ = {isa = PBXFileReference; lastKnownFileType = text.plist.entitlements; path = LogInProgrammatic.entitlements; sourceTree = "<group>"; };
		0455D81525BE4E5D009DFD56 /* SearchProfileCell.swift */ = {isa = PBXFileReference; lastKnownFileType = sourcecode.swift; path = SearchProfileCell.swift; sourceTree = "<group>"; };
		045C64A9250844DC002E8E1C /* LogInProgrammatic.app */ = {isa = PBXFileReference; explicitFileType = wrapper.application; includeInIndex = 0; path = LogInProgrammatic.app; sourceTree = BUILT_PRODUCTS_DIR; };
		045C64AC250844DC002E8E1C /* AppDelegate.swift */ = {isa = PBXFileReference; lastKnownFileType = sourcecode.swift; path = AppDelegate.swift; sourceTree = "<group>"; };
		045C64AE250844DC002E8E1C /* SceneDelegate.swift */ = {isa = PBXFileReference; lastKnownFileType = sourcecode.swift; path = SceneDelegate.swift; sourceTree = "<group>"; };
		045C64B3250844DC002E8E1C /* Base */ = {isa = PBXFileReference; lastKnownFileType = file.storyboard; name = Base; path = Base.lproj/Main.storyboard; sourceTree = "<group>"; };
		045C64B5250844EF002E8E1C /* Assets.xcassets */ = {isa = PBXFileReference; lastKnownFileType = folder.assetcatalog; path = Assets.xcassets; sourceTree = "<group>"; };
		045C64B8250844EF002E8E1C /* Base */ = {isa = PBXFileReference; lastKnownFileType = file.storyboard; name = Base; path = Base.lproj/LaunchScreen.storyboard; sourceTree = "<group>"; };
		045C64BA250844EF002E8E1C /* Info.plist */ = {isa = PBXFileReference; lastKnownFileType = text.plist.xml; path = Info.plist; sourceTree = "<group>"; };
		045C64C325084D2C002E8E1C /* LoginVC.swift */ = {isa = PBXFileReference; lastKnownFileType = sourcecode.swift; path = LoginVC.swift; sourceTree = "<group>"; };
		045C64C6250857AD002E8E1C /* Extensions.swift */ = {isa = PBXFileReference; lastKnownFileType = sourcecode.swift; path = Extensions.swift; sourceTree = "<group>"; };
		045C64C82509C25C002E8E1C /* SignUpVC.swift */ = {isa = PBXFileReference; lastKnownFileType = sourcecode.swift; path = SignUpVC.swift; sourceTree = "<group>"; };
		045C64CA250ABDFF002E8E1C /* GoogleService-Info.plist */ = {isa = PBXFileReference; fileEncoding = 4; lastKnownFileType = text.plist.xml; path = "GoogleService-Info.plist"; sourceTree = "<group>"; };
		045C64CC250E9C6F002E8E1C /* MainTabVC.swift */ = {isa = PBXFileReference; lastKnownFileType = sourcecode.swift; path = MainTabVC.swift; sourceTree = "<group>"; };
		045C64CE250FCED4002E8E1C /* FeedVC.swift */ = {isa = PBXFileReference; lastKnownFileType = sourcecode.swift; path = FeedVC.swift; sourceTree = "<group>"; };
		045C64D0250FCEEE002E8E1C /* SearchVC.swift */ = {isa = PBXFileReference; lastKnownFileType = sourcecode.swift; path = SearchVC.swift; sourceTree = "<group>"; };
		045C64D2250FCF10002E8E1C /* UploadPostVC.swift */ = {isa = PBXFileReference; lastKnownFileType = sourcecode.swift; path = UploadPostVC.swift; sourceTree = "<group>"; };
		045C64D4250FCF35002E8E1C /* NotificationsVC.swift */ = {isa = PBXFileReference; lastKnownFileType = sourcecode.swift; path = NotificationsVC.swift; sourceTree = "<group>"; };
		045C64D6250FCF60002E8E1C /* UserProfileVC.swift */ = {isa = PBXFileReference; lastKnownFileType = sourcecode.swift; path = UserProfileVC.swift; sourceTree = "<group>"; };
		045C64DD25150AED002E8E1C /* Constants.swift */ = {isa = PBXFileReference; lastKnownFileType = sourcecode.swift; path = Constants.swift; sourceTree = "<group>"; };
		045C64DF2518FD92002E8E1C /* UserProfileHeader.swift */ = {isa = PBXFileReference; lastKnownFileType = sourcecode.swift; path = UserProfileHeader.swift; sourceTree = "<group>"; };
		045C64E1251C2D99002E8E1C /* User.swift */ = {isa = PBXFileReference; lastKnownFileType = sourcecode.swift; path = User.swift; sourceTree = "<group>"; };
		045C64E32522BA09002E8E1C /* SearchUserCell.swift */ = {isa = PBXFileReference; lastKnownFileType = sourcecode.swift; path = SearchUserCell.swift; sourceTree = "<group>"; };
		04FA75622580325E00814F9E /* SearchPostCell.swift */ = {isa = PBXFileReference; lastKnownFileType = sourcecode.swift; path = SearchPostCell.swift; sourceTree = "<group>"; };
		04FA756525813C2D00814F9E /* MessagesController.swift */ = {isa = PBXFileReference; lastKnownFileType = sourcecode.swift; path = MessagesController.swift; sourceTree = "<group>"; };
		04FA75682581430100814F9E /* MessageCell.swift */ = {isa = PBXFileReference; lastKnownFileType = sourcecode.swift; path = MessageCell.swift; sourceTree = "<group>"; };
		04FA756A2581600200814F9E /* NewMessageController.swift */ = {isa = PBXFileReference; lastKnownFileType = sourcecode.swift; path = NewMessageController.swift; sourceTree = "<group>"; };
		04FA756C2581610B00814F9E /* NewMessageCell.swift */ = {isa = PBXFileReference; lastKnownFileType = sourcecode.swift; path = NewMessageCell.swift; sourceTree = "<group>"; };
		04FA756E258295D700814F9E /* Message.swift */ = {isa = PBXFileReference; lastKnownFileType = sourcecode.swift; path = Message.swift; sourceTree = "<group>"; };
		04FA75702583BB5100814F9E /* ChatController.swift */ = {isa = PBXFileReference; lastKnownFileType = sourcecode.swift; path = ChatController.swift; sourceTree = "<group>"; };
		04FA75722583BC4500814F9E /* ChatCell.swift */ = {isa = PBXFileReference; lastKnownFileType = sourcecode.swift; path = ChatCell.swift; sourceTree = "<group>"; };
		456BB6A025C4835E0053F034 /* UIViewController+Current.swift */ = {isa = PBXFileReference; lastKnownFileType = sourcecode.swift; path = "UIViewController+Current.swift"; sourceTree = "<group>"; };
		456BB7EE25C865F60053F034 /* MessagesUtils.swift */ = {isa = PBXFileReference; lastKnownFileType = sourcecode.swift; path = MessagesUtils.swift; sourceTree = "<group>"; };
		45A6E18B25E11BC600D79385 /* BaseVC.swift */ = {isa = PBXFileReference; lastKnownFileType = sourcecode.swift; path = BaseVC.swift; sourceTree = "<group>"; };
		45A6E19325E11CAB00D79385 /* RootVC.swift */ = {isa = PBXFileReference; lastKnownFileType = sourcecode.swift; path = RootVC.swift; sourceTree = "<group>"; };
		45EFDD3325C1BAB100E3EBED /* ProgressHUD.swift */ = {isa = PBXFileReference; lastKnownFileType = sourcecode.swift; path = ProgressHUD.swift; sourceTree = "<group>"; };
		4B966BC3798BD5A82B30B64F /* Pods-LogInProgrammatic.debug.xcconfig */ = {isa = PBXFileReference; includeInIndex = 1; lastKnownFileType = text.xcconfig; name = "Pods-LogInProgrammatic.debug.xcconfig"; path = "Target Support Files/Pods-LogInProgrammatic/Pods-LogInProgrammatic.debug.xcconfig"; sourceTree = "<group>"; };
		5BAA9677922A5BF357C2DF5D /* Pods-LogInProgrammatic.release.xcconfig */ = {isa = PBXFileReference; includeInIndex = 1; lastKnownFileType = text.xcconfig; name = "Pods-LogInProgrammatic.release.xcconfig"; path = "Target Support Files/Pods-LogInProgrammatic/Pods-LogInProgrammatic.release.xcconfig"; sourceTree = "<group>"; };
		D32F3875C211942A1EA86C98 /* Pods_LogInProgrammatic.framework */ = {isa = PBXFileReference; explicitFileType = wrapper.framework; includeInIndex = 0; path = Pods_LogInProgrammatic.framework; sourceTree = BUILT_PRODUCTS_DIR; };
/* End PBXFileReference section */

/* Begin PBXFrameworksBuildPhase section */
		045C64A6250844DC002E8E1C /* Frameworks */ = {
			isa = PBXFrameworksBuildPhase;
			buildActionMask = 2147483647;
			files = (
				BA0773F21F4B5CAFE2F8337D /* Pods_LogInProgrammatic.framework in Frameworks */,
			);
			runOnlyForDeploymentPostprocessing = 0;
		};
/* End PBXFrameworksBuildPhase section */

/* Begin PBXGroup section */
		043D3668259991FB0094CE4F /* Comments */ = {
			isa = PBXGroup;
			children = (
				04044690257869920029F738 /* CommentVC.swift */,
				043D36692599927A0094CE4F /* CommentInputAccessoryView.swift */,
				043D366B259992A90094CE4F /* CommentInputTextView.swift */,
			);
			path = Comments;
			sourceTree = "<group>";
		};
		043D366D259A3E750094CE4F /* Chats */ = {
			isa = PBXGroup;
			children = (
				04FA75702583BB5100814F9E /* ChatController.swift */,
				043D366E259A3FAF0094CE4F /* ChatInputAccessoryView.swift */,
				043D3670259A3FE20094CE4F /* ChatInputTextView.swift */,
			);
			path = Chats;
			sourceTree = "<group>";
		};
		045C64A0250844DC002E8E1C = {
			isa = PBXGroup;
			children = (
				045C64AB250844DC002E8E1C /* LogInProgrammatic */,
				045C64AA250844DC002E8E1C /* Products */,
				9E61F1BE2E3ED4335CD61D1D /* Pods */,
				ACD6988964874D1DDF11A5AE /* Frameworks */,
			);
			sourceTree = "<group>";
		};
		045C64AA250844DC002E8E1C /* Products */ = {
			isa = PBXGroup;
			children = (
				045C64A9250844DC002E8E1C /* LogInProgrammatic.app */,
			);
			name = Products;
			sourceTree = "<group>";
		};
		045C64AB250844DC002E8E1C /* LogInProgrammatic */ = {
			isa = PBXGroup;
			children = (
				459B2F8B25BE005F00402599 /* App */,
				045C64C525085795002E8E1C /* Utils */,
				045C64C025084CBB002E8E1C /* Model */,
				045C64C125084CC5002E8E1C /* View */,
				045C64C225084CCD002E8E1C /* Controller */,
				459B2F8C25BE006D00402599 /* Storyboards */,
				459B2F8D25BE007E00402599 /* Plists */,
				459B2F8E25BE009100402599 /* Resources */,
			);
			path = LogInProgrammatic;
			sourceTree = "<group>";
		};
		045C64C025084CBB002E8E1C /* Model */ = {
			isa = PBXGroup;
			children = (
				045C64E1251C2D99002E8E1C /* User.swift */,
				0433328A254488E100C26BB6 /* Post.swift */,
				040446942579872C0029F738 /* Comment.swift */,
				04044698257DA1B10029F738 /* AppNotif.swift */,
				04FA756E258295D700814F9E /* Message.swift */,
				456BB7EE25C865F60053F034 /* MessagesUtils.swift */,
			);
			path = Model;
			sourceTree = "<group>";
		};
		045C64C125084CC5002E8E1C /* View */ = {
			isa = PBXGroup;
			children = (
				04AE656B258BDA6800BDB4EE /* Social */,
				04FA75672581429800814F9E /* Messages */,
			);
			path = View;
			sourceTree = "<group>";
		};
		045C64C225084CCD002E8E1C /* Controller */ = {
			isa = PBXGroup;
			children = (
				045C64CC250E9C6F002E8E1C /* MainTabVC.swift */,
				45A6E19225E11BED00D79385 /* Auth */,
				45A6E19125E11BE700D79385 /* Root */,
				45A6E18E25E11BCA00D79385 /* Base */,
				045C64D8251430E9002E8E1C /* Feed */,
				045C64D925143106002E8E1C /* Search */,
				045C64DA25143123002E8E1C /* UploadPost */,
				045C64DB25143135002E8E1C /* Notifications */,
				045C64DC2514313F002E8E1C /* UserProfile */,
				04FA756425813BA300814F9E /* Messages */,
			);
			path = Controller;
			sourceTree = "<group>";
		};
		045C64C525085795002E8E1C /* Utils */ = {
			isa = PBXGroup;
			children = (
				045C64C6250857AD002E8E1C /* Extensions.swift */,
				045C64DD25150AED002E8E1C /* Constants.swift */,
				0433327E25378C6C00C26BB6 /* Protocols.swift */,
				45EFDD3325C1BAB100E3EBED /* ProgressHUD.swift */,
				456BB6A025C4835E0053F034 /* UIViewController+Current.swift */,
			);
			path = Utils;
			sourceTree = "<group>";
		};
		045C64D8251430E9002E8E1C /* Feed */ = {
			isa = PBXGroup;
			children = (
				045C64CE250FCED4002E8E1C /* FeedVC.swift */,
				043D3668259991FB0094CE4F /* Comments */,
			);
			path = Feed;
			sourceTree = "<group>";
		};
		045C64D925143106002E8E1C /* Search */ = {
			isa = PBXGroup;
			children = (
				045C64D0250FCEEE002E8E1C /* SearchVC.swift */,
			);
			path = Search;
			sourceTree = "<group>";
		};
		045C64DA25143123002E8E1C /* UploadPost */ = {
			isa = PBXGroup;
			children = (
				045C64D2250FCF10002E8E1C /* UploadPostVC.swift */,
				043332842540FCA700C26BB6 /* SelectImageVC.swift */,
			);
			path = UploadPost;
			sourceTree = "<group>";
		};
		045C64DB25143135002E8E1C /* Notifications */ = {
			isa = PBXGroup;
			children = (
				045C64D4250FCF35002E8E1C /* NotificationsVC.swift */,
			);
			path = Notifications;
			sourceTree = "<group>";
		};
		045C64DC2514313F002E8E1C /* UserProfile */ = {
			isa = PBXGroup;
			children = (
				045C64D6250FCF60002E8E1C /* UserProfileVC.swift */,
				04333280253B499900C26BB6 /* FollowLikeVC.swift */,
				043D3666259802290094CE4F /* EditProfileController.swift */,
			);
			path = UserProfile;
			sourceTree = "<group>";
		};
		04AE656B258BDA6800BDB4EE /* Social */ = {
			isa = PBXGroup;
			children = (
				045C64DF2518FD92002E8E1C /* UserProfileHeader.swift */,
				04333282253B4AB800C26BB6 /* FollowLikeCell.swift */,
				043332862540FDC100C26BB6 /* SelectPhotoCell.swift */,
				043332882540FE2D00C26BB6 /* SelectPhotoHeader.swift */,
				0433328C2544A9C700C26BB6 /* UserPostCell.swift */,
				04333290254727DA00C26BB6 /* FeedCell.swift */,
				0404469225786C240029F738 /* CommentCell.swift */,
				04044696257A9A450029F738 /* NotificationCell.swift */,
				045C64E32522BA09002E8E1C /* SearchUserCell.swift */,
				04FA75622580325E00814F9E /* SearchPostCell.swift */,
				0455D81525BE4E5D009DFD56 /* SearchProfileCell.swift */,
			);
			path = Social;
			sourceTree = "<group>";
		};
		04FA756425813BA300814F9E /* Messages */ = {
			isa = PBXGroup;
			children = (
				04FA756525813C2D00814F9E /* MessagesController.swift */,
				04FA756A2581600200814F9E /* NewMessageController.swift */,
				043D366D259A3E750094CE4F /* Chats */,
			);
			path = Messages;
			sourceTree = "<group>";
		};
		04FA75672581429800814F9E /* Messages */ = {
			isa = PBXGroup;
			children = (
				04FA75682581430100814F9E /* MessageCell.swift */,
				04FA756C2581610B00814F9E /* NewMessageCell.swift */,
				04FA75722583BC4500814F9E /* ChatCell.swift */,
			);
			path = Messages;
			sourceTree = "<group>";
		};
		459B2F8B25BE005F00402599 /* App */ = {
			isa = PBXGroup;
			children = (
				043D3672259EA7590094CE4F /* LogInProgrammatic.entitlements */,
				045C64AC250844DC002E8E1C /* AppDelegate.swift */,
				045C64AE250844DC002E8E1C /* SceneDelegate.swift */,
			);
			path = App;
			sourceTree = "<group>";
		};
		459B2F8C25BE006D00402599 /* Storyboards */ = {
			isa = PBXGroup;
			children = (
				045C64B2250844DC002E8E1C /* Main.storyboard */,
				045C64B7250844EF002E8E1C /* LaunchScreen.storyboard */,
			);
			path = Storyboards;
			sourceTree = "<group>";
		};
		459B2F8D25BE007E00402599 /* Plists */ = {
			isa = PBXGroup;
			children = (
				045C64CA250ABDFF002E8E1C /* GoogleService-Info.plist */,
				045C64BA250844EF002E8E1C /* Info.plist */,
			);
			path = Plists;
			sourceTree = "<group>";
		};
		459B2F8E25BE009100402599 /* Resources */ = {
			isa = PBXGroup;
			children = (
				045C64B5250844EF002E8E1C /* Assets.xcassets */,
			);
			path = Resources;
			sourceTree = "<group>";
		};
		45A6E18E25E11BCA00D79385 /* Base */ = {
			isa = PBXGroup;
			children = (
				45A6E18B25E11BC600D79385 /* BaseVC.swift */,
			);
			path = Base;
			sourceTree = "<group>";
		};
		45A6E19125E11BE700D79385 /* Root */ = {
			isa = PBXGroup;
			children = (
				45A6E19325E11CAB00D79385 /* RootVC.swift */,
			);
			path = Root;
			sourceTree = "<group>";
		};
		45A6E19225E11BED00D79385 /* Auth */ = {
			isa = PBXGroup;
			children = (
				045C64C325084D2C002E8E1C /* LoginVC.swift */,
				045C64C82509C25C002E8E1C /* SignUpVC.swift */,
			);
			path = Auth;
			sourceTree = "<group>";
		};
		9E61F1BE2E3ED4335CD61D1D /* Pods */ = {
			isa = PBXGroup;
			children = (
				4B966BC3798BD5A82B30B64F /* Pods-LogInProgrammatic.debug.xcconfig */,
				5BAA9677922A5BF357C2DF5D /* Pods-LogInProgrammatic.release.xcconfig */,
			);
			path = Pods;
			sourceTree = "<group>";
		};
		ACD6988964874D1DDF11A5AE /* Frameworks */ = {
			isa = PBXGroup;
			children = (
				D32F3875C211942A1EA86C98 /* Pods_LogInProgrammatic.framework */,
			);
			name = Frameworks;
			sourceTree = "<group>";
		};
/* End PBXGroup section */

/* Begin PBXNativeTarget section */
		045C64A8250844DC002E8E1C /* LogInProgrammatic */ = {
			isa = PBXNativeTarget;
			buildConfigurationList = 045C64BD250844EF002E8E1C /* Build configuration list for PBXNativeTarget "LogInProgrammatic" */;
			buildPhases = (
				E409CC927DB13F622C381326 /* [CP] Check Pods Manifest.lock */,
				045C64A5250844DC002E8E1C /* Sources */,
				045C64A6250844DC002E8E1C /* Frameworks */,
				045C64A7250844DC002E8E1C /* Resources */,
				A3A031F827A6027F399F4D7D /* [CP] Embed Pods Frameworks */,
			);
			buildRules = (
			);
			dependencies = (
			);
			name = LogInProgrammatic;
			productName = LogInProgrammatic;
			productReference = 045C64A9250844DC002E8E1C /* LogInProgrammatic.app */;
			productType = "com.apple.product-type.application";
		};
/* End PBXNativeTarget section */

/* Begin PBXProject section */
		045C64A1250844DC002E8E1C /* Project object */ = {
			isa = PBXProject;
			attributes = {
				LastSwiftUpdateCheck = 1150;
				LastUpgradeCheck = 1150;
				ORGANIZATIONNAME = "Eric Park";
				TargetAttributes = {
					045C64A8250844DC002E8E1C = {
						CreatedOnToolsVersion = 11.5;
					};
				};
			};
			buildConfigurationList = 045C64A4250844DC002E8E1C /* Build configuration list for PBXProject "LogInProgrammatic" */;
			compatibilityVersion = "Xcode 9.3";
			developmentRegion = en;
			hasScannedForEncodings = 0;
			knownRegions = (
				en,
				Base,
			);
			mainGroup = 045C64A0250844DC002E8E1C;
			productRefGroup = 045C64AA250844DC002E8E1C /* Products */;
			projectDirPath = "";
			projectRoot = "";
			targets = (
				045C64A8250844DC002E8E1C /* LogInProgrammatic */,
			);
		};
/* End PBXProject section */

/* Begin PBXResourcesBuildPhase section */
		045C64A7250844DC002E8E1C /* Resources */ = {
			isa = PBXResourcesBuildPhase;
			buildActionMask = 2147483647;
			files = (
				045C64B9250844EF002E8E1C /* LaunchScreen.storyboard in Resources */,
				045C64B6250844EF002E8E1C /* Assets.xcassets in Resources */,
				045C64B4250844DC002E8E1C /* Main.storyboard in Resources */,
				045C64CB250ABDFF002E8E1C /* GoogleService-Info.plist in Resources */,
			);
			runOnlyForDeploymentPostprocessing = 0;
		};
/* End PBXResourcesBuildPhase section */

/* Begin PBXShellScriptBuildPhase section */
		A3A031F827A6027F399F4D7D /* [CP] Embed Pods Frameworks */ = {
			isa = PBXShellScriptBuildPhase;
			buildActionMask = 2147483647;
			files = (
			);
			inputFileListPaths = (
				"${PODS_ROOT}/Target Support Files/Pods-LogInProgrammatic/Pods-LogInProgrammatic-frameworks-${CONFIGURATION}-input-files.xcfilelist",
			);
			name = "[CP] Embed Pods Frameworks";
			outputFileListPaths = (
				"${PODS_ROOT}/Target Support Files/Pods-LogInProgrammatic/Pods-LogInProgrammatic-frameworks-${CONFIGURATION}-output-files.xcfilelist",
			);
			runOnlyForDeploymentPostprocessing = 0;
			shellPath = /bin/sh;
			shellScript = "\"${PODS_ROOT}/Target Support Files/Pods-LogInProgrammatic/Pods-LogInProgrammatic-frameworks.sh\"\n";
			showEnvVarsInLog = 0;
		};
		E409CC927DB13F622C381326 /* [CP] Check Pods Manifest.lock */ = {
			isa = PBXShellScriptBuildPhase;
			buildActionMask = 2147483647;
			files = (
			);
			inputFileListPaths = (
			);
			inputPaths = (
				"${PODS_PODFILE_DIR_PATH}/Podfile.lock",
				"${PODS_ROOT}/Manifest.lock",
			);
			name = "[CP] Check Pods Manifest.lock";
			outputFileListPaths = (
			);
			outputPaths = (
				"$(DERIVED_FILE_DIR)/Pods-LogInProgrammatic-checkManifestLockResult.txt",
			);
			runOnlyForDeploymentPostprocessing = 0;
			shellPath = /bin/sh;
			shellScript = "diff \"${PODS_PODFILE_DIR_PATH}/Podfile.lock\" \"${PODS_ROOT}/Manifest.lock\" > /dev/null\nif [ $? != 0 ] ; then\n    # print error to STDERR\n    echo \"error: The sandbox is not in sync with the Podfile.lock. Run 'pod install' or update your CocoaPods installation.\" >&2\n    exit 1\nfi\n# This output is used by Xcode 'outputs' to avoid re-running this script phase.\necho \"SUCCESS\" > \"${SCRIPT_OUTPUT_FILE_0}\"\n";
			showEnvVarsInLog = 0;
		};
/* End PBXShellScriptBuildPhase section */

/* Begin PBXSourcesBuildPhase section */
		045C64A5250844DC002E8E1C /* Sources */ = {
			isa = PBXSourcesBuildPhase;
			buildActionMask = 2147483647;
			files = (
				045C64E02518FD92002E8E1C /* UserProfileHeader.swift in Sources */,
				04FA75712583BB5100814F9E /* ChatController.swift in Sources */,
				04FA75732583BC4500814F9E /* ChatCell.swift in Sources */,
				0433328B254488E100C26BB6 /* Post.swift in Sources */,
				040446952579872C0029F738 /* Comment.swift in Sources */,
				045C64D3250FCF11002E8E1C /* UploadPostVC.swift in Sources */,
				045C64D5250FCF35002E8E1C /* NotificationsVC.swift in Sources */,
				043D3667259802290094CE4F /* EditProfileController.swift in Sources */,
				045C64D1250FCEEE002E8E1C /* SearchVC.swift in Sources */,
				04FA75692581430200814F9E /* MessageCell.swift in Sources */,
				045C64D7250FCF60002E8E1C /* UserProfileVC.swift in Sources */,
				045C64E42522BA09002E8E1C /* SearchUserCell.swift in Sources */,
				45A6E18C25E11BC600D79385 /* BaseVC.swift in Sources */,
				456BB7EF25C865F60053F034 /* MessagesUtils.swift in Sources */,
				045C64AD250844DC002E8E1C /* AppDelegate.swift in Sources */,
				045C64E2251C2D99002E8E1C /* User.swift in Sources */,
				045C64CF250FCED4002E8E1C /* FeedVC.swift in Sources */,
				045C64CD250E9C6F002E8E1C /* MainTabVC.swift in Sources */,
				04044691257869920029F738 /* CommentVC.swift in Sources */,
				045C64AF250844DC002E8E1C /* SceneDelegate.swift in Sources */,
				04FA756625813C2D00814F9E /* MessagesController.swift in Sources */,
				043D3671259A3FE20094CE4F /* ChatInputTextView.swift in Sources */,
				0404469325786C250029F738 /* CommentCell.swift in Sources */,
				045C64C425084D2C002E8E1C /* LoginVC.swift in Sources */,
				043D366F259A3FAF0094CE4F /* ChatInputAccessoryView.swift in Sources */,
				0433328D2544A9C700C26BB6 /* UserPostCell.swift in Sources */,
				045C64C92509C25C002E8E1C /* SignUpVC.swift in Sources */,
				04FA756F258295D700814F9E /* Message.swift in Sources */,
				043332852540FCA700C26BB6 /* SelectImageVC.swift in Sources */,
				043332892540FE2D00C26BB6 /* SelectPhotoHeader.swift in Sources */,
				0455D81625BE4E5E009DFD56 /* SearchProfileCell.swift in Sources */,
				04FA75632580325E00814F9E /* SearchPostCell.swift in Sources */,
				04044697257A9A450029F738 /* NotificationCell.swift in Sources */,
				04333281253B499900C26BB6 /* FollowLikeVC.swift in Sources */,
				456BB6A125C4835E0053F034 /* UIViewController+Current.swift in Sources */,
				045C64C7250857AD002E8E1C /* Extensions.swift in Sources */,
				45A6E19425E11CAB00D79385 /* RootVC.swift in Sources */,
				045C64DE25150AED002E8E1C /* Constants.swift in Sources */,
				04333291254727DB00C26BB6 /* FeedCell.swift in Sources */,
				04044699257DA1B20029F738 /* AppNotif.swift in Sources */,
				04FA756B2581600200814F9E /* NewMessageController.swift in Sources */,
				04333283253B4AB900C26BB6 /* FollowLikeCell.swift in Sources */,
				45EFDD3425C1BAB100E3EBED /* ProgressHUD.swift in Sources */,
				043D366C259992A90094CE4F /* CommentInputTextView.swift in Sources */,
				043D366A2599927A0094CE4F /* CommentInputAccessoryView.swift in Sources */,
				04FA756D2581610B00814F9E /* NewMessageCell.swift in Sources */,
				043332872540FDC100C26BB6 /* SelectPhotoCell.swift in Sources */,
				0433327F25378C6D00C26BB6 /* Protocols.swift in Sources */,
			);
			runOnlyForDeploymentPostprocessing = 0;
		};
/* End PBXSourcesBuildPhase section */

/* Begin PBXVariantGroup section */
		045C64B2250844DC002E8E1C /* Main.storyboard */ = {
			isa = PBXVariantGroup;
			children = (
				045C64B3250844DC002E8E1C /* Base */,
			);
			name = Main.storyboard;
			sourceTree = "<group>";
		};
		045C64B7250844EF002E8E1C /* LaunchScreen.storyboard */ = {
			isa = PBXVariantGroup;
			children = (
				045C64B8250844EF002E8E1C /* Base */,
			);
			name = LaunchScreen.storyboard;
			sourceTree = "<group>";
		};
/* End PBXVariantGroup section */

/* Begin XCBuildConfiguration section */
		045C64BB250844EF002E8E1C /* Debug */ = {
			isa = XCBuildConfiguration;
			buildSettings = {
				ALWAYS_SEARCH_USER_PATHS = NO;
				CLANG_ANALYZER_NONNULL = YES;
				CLANG_ANALYZER_NUMBER_OBJECT_CONVERSION = YES_AGGRESSIVE;
				CLANG_CXX_LANGUAGE_STANDARD = "gnu++14";
				CLANG_CXX_LIBRARY = "libc++";
				CLANG_ENABLE_MODULES = YES;
				CLANG_ENABLE_OBJC_ARC = YES;
				CLANG_ENABLE_OBJC_WEAK = YES;
				CLANG_WARN_BLOCK_CAPTURE_AUTORELEASING = YES;
				CLANG_WARN_BOOL_CONVERSION = YES;
				CLANG_WARN_COMMA = YES;
				CLANG_WARN_CONSTANT_CONVERSION = YES;
				CLANG_WARN_DEPRECATED_OBJC_IMPLEMENTATIONS = YES;
				CLANG_WARN_DIRECT_OBJC_ISA_USAGE = YES_ERROR;
				CLANG_WARN_DOCUMENTATION_COMMENTS = YES;
				CLANG_WARN_EMPTY_BODY = YES;
				CLANG_WARN_ENUM_CONVERSION = YES;
				CLANG_WARN_INFINITE_RECURSION = YES;
				CLANG_WARN_INT_CONVERSION = YES;
				CLANG_WARN_NON_LITERAL_NULL_CONVERSION = YES;
				CLANG_WARN_OBJC_IMPLICIT_RETAIN_SELF = YES;
				CLANG_WARN_OBJC_LITERAL_CONVERSION = YES;
				CLANG_WARN_OBJC_ROOT_CLASS = YES_ERROR;
				CLANG_WARN_RANGE_LOOP_ANALYSIS = YES;
				CLANG_WARN_STRICT_PROTOTYPES = YES;
				CLANG_WARN_SUSPICIOUS_MOVE = YES;
				CLANG_WARN_UNGUARDED_AVAILABILITY = YES_AGGRESSIVE;
				CLANG_WARN_UNREACHABLE_CODE = YES;
				CLANG_WARN__DUPLICATE_METHOD_MATCH = YES;
				COPY_PHASE_STRIP = NO;
				DEBUG_INFORMATION_FORMAT = dwarf;
				ENABLE_STRICT_OBJC_MSGSEND = YES;
				ENABLE_TESTABILITY = YES;
				GCC_C_LANGUAGE_STANDARD = gnu11;
				GCC_DYNAMIC_NO_PIC = NO;
				GCC_NO_COMMON_BLOCKS = YES;
				GCC_OPTIMIZATION_LEVEL = 0;
				GCC_PREPROCESSOR_DEFINITIONS = (
					"DEBUG=1",
					"$(inherited)",
				);
				GCC_WARN_64_TO_32_BIT_CONVERSION = YES;
				GCC_WARN_ABOUT_RETURN_TYPE = YES_ERROR;
				GCC_WARN_UNDECLARED_SELECTOR = YES;
				GCC_WARN_UNINITIALIZED_AUTOS = YES_AGGRESSIVE;
				GCC_WARN_UNUSED_FUNCTION = YES;
				GCC_WARN_UNUSED_VARIABLE = YES;
				IPHONEOS_DEPLOYMENT_TARGET = 13.5;
				MTL_ENABLE_DEBUG_INFO = INCLUDE_SOURCE;
				MTL_FAST_MATH = YES;
				ONLY_ACTIVE_ARCH = YES;
				SDKROOT = iphoneos;
				SWIFT_ACTIVE_COMPILATION_CONDITIONS = DEBUG;
				SWIFT_OPTIMIZATION_LEVEL = "-Onone";
			};
			name = Debug;
		};
		045C64BC250844EF002E8E1C /* Release */ = {
			isa = XCBuildConfiguration;
			buildSettings = {
				ALWAYS_SEARCH_USER_PATHS = NO;
				CLANG_ANALYZER_NONNULL = YES;
				CLANG_ANALYZER_NUMBER_OBJECT_CONVERSION = YES_AGGRESSIVE;
				CLANG_CXX_LANGUAGE_STANDARD = "gnu++14";
				CLANG_CXX_LIBRARY = "libc++";
				CLANG_ENABLE_MODULES = YES;
				CLANG_ENABLE_OBJC_ARC = YES;
				CLANG_ENABLE_OBJC_WEAK = YES;
				CLANG_WARN_BLOCK_CAPTURE_AUTORELEASING = YES;
				CLANG_WARN_BOOL_CONVERSION = YES;
				CLANG_WARN_COMMA = YES;
				CLANG_WARN_CONSTANT_CONVERSION = YES;
				CLANG_WARN_DEPRECATED_OBJC_IMPLEMENTATIONS = YES;
				CLANG_WARN_DIRECT_OBJC_ISA_USAGE = YES_ERROR;
				CLANG_WARN_DOCUMENTATION_COMMENTS = YES;
				CLANG_WARN_EMPTY_BODY = YES;
				CLANG_WARN_ENUM_CONVERSION = YES;
				CLANG_WARN_INFINITE_RECURSION = YES;
				CLANG_WARN_INT_CONVERSION = YES;
				CLANG_WARN_NON_LITERAL_NULL_CONVERSION = YES;
				CLANG_WARN_OBJC_IMPLICIT_RETAIN_SELF = YES;
				CLANG_WARN_OBJC_LITERAL_CONVERSION = YES;
				CLANG_WARN_OBJC_ROOT_CLASS = YES_ERROR;
				CLANG_WARN_RANGE_LOOP_ANALYSIS = YES;
				CLANG_WARN_STRICT_PROTOTYPES = YES;
				CLANG_WARN_SUSPICIOUS_MOVE = YES;
				CLANG_WARN_UNGUARDED_AVAILABILITY = YES_AGGRESSIVE;
				CLANG_WARN_UNREACHABLE_CODE = YES;
				CLANG_WARN__DUPLICATE_METHOD_MATCH = YES;
				COPY_PHASE_STRIP = NO;
				DEBUG_INFORMATION_FORMAT = "dwarf-with-dsym";
				ENABLE_NS_ASSERTIONS = NO;
				ENABLE_STRICT_OBJC_MSGSEND = YES;
				GCC_C_LANGUAGE_STANDARD = gnu11;
				GCC_NO_COMMON_BLOCKS = YES;
				GCC_WARN_64_TO_32_BIT_CONVERSION = YES;
				GCC_WARN_ABOUT_RETURN_TYPE = YES_ERROR;
				GCC_WARN_UNDECLARED_SELECTOR = YES;
				GCC_WARN_UNINITIALIZED_AUTOS = YES_AGGRESSIVE;
				GCC_WARN_UNUSED_FUNCTION = YES;
				GCC_WARN_UNUSED_VARIABLE = YES;
				IPHONEOS_DEPLOYMENT_TARGET = 13.5;
				MTL_ENABLE_DEBUG_INFO = NO;
				MTL_FAST_MATH = YES;
				SDKROOT = iphoneos;
				SWIFT_COMPILATION_MODE = wholemodule;
				SWIFT_OPTIMIZATION_LEVEL = "-O";
				VALIDATE_PRODUCT = YES;
			};
			name = Release;
		};
		045C64BE250844EF002E8E1C /* Debug */ = {
			isa = XCBuildConfiguration;
			baseConfigurationReference = 4B966BC3798BD5A82B30B64F /* Pods-LogInProgrammatic.debug.xcconfig */;
			buildSettings = {
				ASSETCATALOG_COMPILER_APPICON_NAME = AppIcon;
				CODE_SIGN_ENTITLEMENTS = LogInProgrammatic/LogInProgrammatic.entitlements;
				CODE_SIGN_IDENTITY = "Apple Development";
				CODE_SIGN_STYLE = Automatic;
				DEVELOPMENT_TEAM = UD757S5387;
				INFOPLIST_FILE = LogInProgrammatic/Plists/Info.plist;
				IPHONEOS_DEPLOYMENT_TARGET = 13.2;
				LD_RUNPATH_SEARCH_PATHS = (
					"$(inherited)",
					"@executable_path/Frameworks",
				);
				MARKETING_VERSION = 1.0.0;
				PRODUCT_BUNDLE_IDENTIFIER = com.ehp349.LoginProgrammatic;
				PRODUCT_NAME = "$(TARGET_NAME)";
				PROVISIONING_PROFILE_SPECIFIER = "";
				SWIFT_VERSION = 5.0;
				TARGETED_DEVICE_FAMILY = "1,2";
			};
			name = Debug;
		};
		045C64BF250844EF002E8E1C /* Release */ = {
			isa = XCBuildConfiguration;
			baseConfigurationReference = 5BAA9677922A5BF357C2DF5D /* Pods-LogInProgrammatic.release.xcconfig */;
			buildSettings = {
				ASSETCATALOG_COMPILER_APPICON_NAME = AppIcon;
				CODE_SIGN_ENTITLEMENTS = LogInProgrammatic/LogInProgrammatic.entitlements;
				CODE_SIGN_IDENTITY = "Apple Development";
				CODE_SIGN_STYLE = Automatic;
				DEVELOPMENT_TEAM = UD757S5387;
				INFOPLIST_FILE = LogInProgrammatic/Plists/Info.plist;
				IPHONEOS_DEPLOYMENT_TARGET = 13.2;
				LD_RUNPATH_SEARCH_PATHS = (
					"$(inherited)",
					"@executable_path/Frameworks",
				);
				MARKETING_VERSION = 1.0.0;
				PRODUCT_BUNDLE_IDENTIFIER = com.ehp349.LoginProgrammatic;
				PRODUCT_NAME = "$(TARGET_NAME)";
				PROVISIONING_PROFILE_SPECIFIER = "";
				SWIFT_VERSION = 5.0;
				TARGETED_DEVICE_FAMILY = "1,2";
			};
			name = Release;
		};
/* End XCBuildConfiguration section */

/* Begin XCConfigurationList section */
		045C64A4250844DC002E8E1C /* Build configuration list for PBXProject "LogInProgrammatic" */ = {
			isa = XCConfigurationList;
			buildConfigurations = (
				045C64BB250844EF002E8E1C /* Debug */,
				045C64BC250844EF002E8E1C /* Release */,
			);
			defaultConfigurationIsVisible = 0;
			defaultConfigurationName = Release;
		};
		045C64BD250844EF002E8E1C /* Build configuration list for PBXNativeTarget "LogInProgrammatic" */ = {
			isa = XCConfigurationList;
			buildConfigurations = (
				045C64BE250844EF002E8E1C /* Debug */,
				045C64BF250844EF002E8E1C /* Release */,
			);
			defaultConfigurationIsVisible = 0;
			defaultConfigurationName = Release;
		};
/* End XCConfigurationList section */
	};
	rootObject = 045C64A1250844DC002E8E1C /* Project object */;
}
